{
  "name": "playwrightauto",
  "version": "1.0.0",
  "lockfileVersion": 3,
  "requires": true,
  "packages": {
    "": {
      "name": "playwrightauto",
      "version": "1.0.0",
      "license": "ISC",
      "dependencies": {
        "random-day": "^1.0.1",
        "random-month": "^1.0.1",
        "random-year": "^1.0.2"
      },
      "devDependencies": {
        "@playwright/test": "^1.48.2",
        "@types/node": "^22.8.6"
      }
    },
    "node_modules/@playwright/test": {
      "version": "1.48.2",
      "resolved": "https://registry.npmjs.org/@playwright/test/-/test-1.48.2.tgz",
      "integrity": "sha512-54w1xCWfXuax7dz4W2M9uw0gDyh+ti/0K/MxcCUxChFh37kkdxPdfZDw5QBbuPUJHr1CiHJ1hXgSs+GgeQc5Zw==",
      "dev": true,
      "license": "Apache-2.0",
      "dependencies": {
        "playwright": "1.48.2"
      },
      "bin": {
        "playwright": "cli.js"
      },
      "engines": {
        "node": ">=18"
      }
    },
    "node_modules/@types/node": {
      "version": "22.8.6",
      "resolved": "https://registry.npmjs.org/@types/node/-/node-22.8.6.tgz",
      "integrity": "sha512-tosuJYKrIqjQIlVCM4PEGxOmyg3FCPa/fViuJChnGeEIhjA46oy8FMVoF9su1/v8PNs2a8Q0iFNyOx0uOF91nw==",
      "dev": true,
      "license": "MIT",
      "dependencies": {
        "undici-types": "~6.19.8"
      }
    },
    "node_modules/clamp": {
      "version": "1.0.1",
      "resolved": "https://registry.npmjs.org/clamp/-/clamp-1.0.1.tgz",
      "integrity": "sha512-kgMuFyE78OC6Dyu3Dy7vcx4uy97EIbVxJB/B0eJ3bUNAkwdNcxYzgKltnyADiYwsR7SEqkkUPsEUT//OVS6XMA==",
      "license": "MIT"
    },
    "node_modules/fsevents": {
      "version": "2.3.2",
      "resolved": "https://registry.npmjs.org/fsevents/-/fsevents-2.3.2.tgz",
      "integrity": "sha512-xiqMQR4xAeHTuB9uWm+fFRcIOgKBMiOBP+eXiyT7jsgVCq1bkVygt00oASowB7EdtpOHaaPgKt812P9ab+DDKA==",
      "dev": true,
      "hasInstallScript": true,
      "license": "MIT",
      "optional": true,
      "os": [
        "darwin"
      ],
      "engines": {
        "node": "^8.16.0 || ^10.6.0 || >=11.0.0"
      }
    },
    "node_modules/has-symbols": {
      "version": "1.0.3",
      "resolved": "https://registry.npmjs.org/has-symbols/-/has-symbols-1.0.3.tgz",
      "integrity": "sha512-l3LCuF6MgDNwTDKkdYGEihYjt5pRPbEg46rtlmnSPlUbgmB8LOIrKJbYYFBSbnPaJexMKtiPO8hmeRjRz2Td+A==",
      "license": "MIT",
      "engines": {
        "node": ">= 0.4"
      },
      "funding": {
        "url": "https://github.com/sponsors/ljharb"
      }
    },
    "node_modules/is-array": {
      "version": "1.0.1",
      "resolved": "https://registry.npmjs.org/is-array/-/is-array-1.0.1.tgz",
      "integrity": "sha512-gxiZ+y/u67AzpeFmAmo4CbtME/bs7J2C++su5zQzvQyaxUqVzkh69DI+jN+KZuSO6JaH6TIIU6M6LhqxMjxEpw==",
      "license": "MIT"
    },
    "node_modules/is-array-like": {
      "version": "1.1.2",
      "resolved": "https://registry.npmjs.org/is-array-like/-/is-array-like-1.1.2.tgz",
      "integrity": "sha512-ENI9ZKpn3AXM4JiWKZ31cgwl0Dc3Mj7HCLCq60qngozG7EFRDNCMiCAURaD5wwRnehkP63Ge6Z7hoIg23OMzMw==",
      "license": "MIT",
      "dependencies": {
        "is-array": "^1.0.1",
        "is-function": "^1.0.1",
        "is-window": "^1.0.1"
      }
    },
    "node_modules/is-function": {
      "version": "1.0.2",
      "resolved": "https://registry.npmjs.org/is-function/-/is-function-1.0.2.tgz",
      "integrity": "sha512-lw7DUp0aWXYg+CBCN+JKkcE0Q2RayZnSvnZBlwgxHBQhqt5pZNVy4Ri7H9GmmXkdu7LUthszM+Tor1u/2iBcpQ==",
      "license": "MIT"
    },
    "node_modules/is-nil": {
      "version": "1.0.1",
      "resolved": "https://registry.npmjs.org/is-nil/-/is-nil-1.0.1.tgz",
      "integrity": "sha512-m2Rm8PhUFDNNhgvwZJjJG74a9h5CHU0fkA8WT+WGlCjyEbZ2jPwgb+ZxHu4np284EqNVyOsgppReK4qy/TwEwg==",
      "license": "MIT"
    },
    "node_modules/is-object": {
      "version": "1.0.2",
      "resolved": "https://registry.npmjs.org/is-object/-/is-object-1.0.2.tgz",
      "integrity": "sha512-2rRIahhZr2UWb45fIOuvZGpFtz0TyOZLf32KxBbSoUCeZR495zCKlWUKKUByk3geS2eAs7ZAABt0Y/Rx0GiQGA==",
      "license": "MIT",
      "funding": {
        "url": "https://github.com/sponsors/ljharb"
      }
    },
    "node_modules/is-symbol": {
      "version": "1.0.4",
      "resolved": "https://registry.npmjs.org/is-symbol/-/is-symbol-1.0.4.tgz",
      "integrity": "sha512-C/CPBqKWnvdcxqIARxyOh4v1UUEOCHpgDa0WYgpKDFMszcrPcffg5uhwSgPCLD2WWxmq6isisz87tzT01tuGhg==",
      "license": "MIT",
      "dependencies": {
        "has-symbols": "^1.0.2"
      },
      "engines": {
        "node": ">= 0.4"
      },
      "funding": {
        "url": "https://github.com/sponsors/ljharb"
      }
    },
    "node_modules/is-window": {
      "version": "1.0.2",
      "resolved": "https://registry.npmjs.org/is-window/-/is-window-1.0.2.tgz",
      "integrity": "sha512-uj00kdXyZb9t9RcAUAwMZAnkBUwdYGhYlt7djMXhfyhUCzwNba50tIiBKR7q0l7tdoBtFVw/3JmLY6fI3rmZmg==",
      "license": "MIT"
    },
    "node_modules/max-array-length": {
      "version": "1.0.0",
      "resolved": "https://registry.npmjs.org/max-array-length/-/max-array-length-1.0.0.tgz",
      "integrity": "sha512-LoN7jKHokSYrSytV/auhMfVNZplvI7olzzoTNW/Zz+UE7bT7mlwJ8uBnQO3biz0aMlu0b31/A7WuN3nT8iCosg==",
      "license": "MIT"
    },
    "node_modules/max-safe-int": {
      "version": "1.0.0",
      "resolved": "https://registry.npmjs.org/max-safe-int/-/max-safe-int-1.0.0.tgz",
      "integrity": "sha512-Rmc9S+xr1IwnktrDAbR4+7Nh9RTzvJ83A1R4WVKPZCwd7Qo5mc/u8qBoC+T4hskmBDByg72vHgHjB1GcLwEEgw==",
      "license": "MIT"
    },
    "node_modules/pick-item": {
      "version": "1.0.4",
      "resolved": "https://registry.npmjs.org/pick-item/-/pick-item-1.0.4.tgz",
      "integrity": "sha512-SKx0hrhizZ2TAyvw8FBhEBQUhuzxPFRBZwSFhYZpxXs6AFOt4x5/hB+vudx10+Ilw3rr3QcF+KlkewkN1BjlPA==",
      "license": "MIT",
      "dependencies": {
        "is-array-like": "^1.1.0",
        "random-index": "^1.0.4"
      }
    },
    "node_modules/playwright": {
      "version": "1.48.2",
      "resolved": "https://registry.npmjs.org/playwright/-/playwright-1.48.2.tgz",
      "integrity": "sha512-NjYvYgp4BPmiwfe31j4gHLa3J7bD2WiBz8Lk2RoSsmX38SVIARZ18VYjxLjAcDsAhA+F4iSEXTSGgjua0rrlgQ==",
      "dev": true,
      "license": "Apache-2.0",
      "dependencies": {
        "playwright-core": "1.48.2"
      },
      "bin": {
        "playwright": "cli.js"
      },
      "engines": {
        "node": ">=18"
      },
      "optionalDependencies": {
        "fsevents": "2.3.2"
      }
    },
    "node_modules/playwright-core": {
      "version": "1.48.2",
      "resolved": "https://registry.npmjs.org/playwright-core/-/playwright-core-1.48.2.tgz",
      "integrity": "sha512-sjjw+qrLFlriJo64du+EK0kJgZzoQPsabGF4lBvsid+3CNIZIYLgnMj9V6JY5VhM2Peh20DJWIVpVljLLnlawA==",
      "dev": true,
      "license": "Apache-2.0",
      "bin": {
        "playwright-core": "cli.js"
      },
      "engines": {
        "node": ">=18"
      }
    },
    "node_modules/random-day": {
      "version": "1.0.1",
      "resolved": "https://registry.npmjs.org/random-day/-/random-day-1.0.1.tgz",
      "integrity": "sha512-ZqXG0vb0cPV9B0Gy0m27Uofu3u4GpDJLWctqSJQ6RQHgy3lt49sOzKUC+PKTopLXSVXY6VQg/to+wHdX+6blnQ==",
      "license": "MIT",
      "dependencies": {
        "pick-item": "^1.0.4",
        "random-natural": "^1.0.3"
      }
    },
    "node_modules/random-index": {
      "version": "1.0.4",
      "resolved": "https://registry.npmjs.org/random-index/-/random-index-1.0.4.tgz",
      "integrity": "sha512-CH+/AYc8E+We37g1CtND9G6mbqcYGU+8jDoKYFjXBgAJvSZ9goxWqeI/plx7jlShkULUk8Si8HfNJTJd67BaPg==",
      "license": "MIT",
      "dependencies": {
        "max-array-length": "^1.0.0",
        "random-natural": "^1.0.3"
      }
    },
    "node_modules/random-integral": {
      "version": "1.0.3",
      "resolved": "https://registry.npmjs.org/random-integral/-/random-integral-1.0.3.tgz",
      "integrity": "sha512-MgWqgQqlHWGj5LExW2EoP4EtJty6uGNszlHdMuAox/yLVixpjEQIAyluW2CH9Nrxt0hE7fklFqYM0JFELSWpvw==",
      "license": "MIT",
      "dependencies": {
        "clamp": "^1.0.1",
        "max-safe-int": "^1.0.0",
        "to-integer": "^1.0.1"
      }
    },
    "node_modules/random-month": {
      "version": "1.0.1",
      "resolved": "https://registry.npmjs.org/random-month/-/random-month-1.0.1.tgz",
      "integrity": "sha512-Bedqjmky25FkQ7zz8HDGL90ewVeJ+UuaEtOPI4pgF01sJuSvlyqBOmt3QU5jIH5En4R3u6nUwJ+zP34DvyGzVg==",
      "license": "MIT",
      "dependencies": {
        "random-natural": "^1.0.3"
      }
    },
    "node_modules/random-natural": {
      "version": "1.0.3",
      "resolved": "https://registry.npmjs.org/random-natural/-/random-natural-1.0.3.tgz",
      "integrity": "sha512-Mw78ZGZ3lKO5K2XUxv4dXQudnBu9oTVHRFutqbfy+thZem41a+hFMD6egzQNHj3Kbee9fM8RGnryHyyip/mmbw==",
      "license": "MIT",
      "dependencies": {
        "max-safe-int": "^1.0.0",
        "random-integral": "^1.0.3"
      }
    },
    "node_modules/random-year": {
      "version": "1.0.2",
      "resolved": "https://registry.npmjs.org/random-year/-/random-year-1.0.2.tgz",
      "integrity": "sha512-zvAnaP9IT5HCt1eSmd47WgmHEORLlNjV8HJXN2370rpidAsH5QHJrlgwr9un6gm0VQHUZdBW9F/G525Vp1mZ+w==",
      "license": "MIT",
      "dependencies": {
        "random-natural": "^1.0.3"
      }
    },
    "node_modules/to-integer": {
      "version": "1.0.1",
      "resolved": "https://registry.npmjs.org/to-integer/-/to-integer-1.0.1.tgz",
      "integrity": "sha512-mv4Nwp8Y28xLp1rdYgnlV4NqYBn23lIitU2fqCtyrLXlwsC6th3Aq37JRe7qfuROMJv66kAZG8V9NR1HIgwOUg==",
      "license": "MIT",
      "dependencies": {
        "is-function": "^1.0.1",
        "is-nil": "^1.0.0",
        "is-object": "^1.0.1",
        "is-symbol": "^1.0.1"
      }
    },
    "node_modules/undici-types": {
      "version": "6.19.8",
      "resolved": "https://registry.npmjs.org/undici-types/-/undici-types-6.19.8.tgz",
      "integrity": "sha512-ve2KP6f/JnbPBFyobGHuerC9g1FYGn/F8n1LWTwNxCEzd6IfqTwUQcNXgEtmmQ6DlRrC1hrSrBnCZPokRrDHjw==",
      "dev": true,
      "license": "MIT"
    }
  }
}
